
Microsoft Visual Studio Solution File, Format Version 12.00
# Visual Studio Version 17
VisualStudioVersion = 17.3.32922.545
MinimumVisualStudioVersion = 10.0.40219.1
Project("{9A19103F-16F7-4668-BE54-9A1E7A4F7556}") = "CourseTracker.Core", "CourseTracker.Core\CourseTracker.Core.csproj", "{2B6B4189-D2C3-4C39-97AC-EE9D2DEF1AEA}"
EndProject
Project("{9A19103F-16F7-4668-BE54-9A1E7A4F7556}") = "CourseTracker.PrepareCourse", "CourseTracker.PrepareCourse\CourseTracker.PrepareCourse.csproj", "{FB88CDE5-E07C-4F21-BC5E-11429F4DD43F}"
EndProject
Project("{2150E333-8FDC-42A3-9474-1A3956D46DE8}") = "UnitTests", "UnitTests", "{B8101116-C63D-44BD-B024-7E631B2E63B9}"
EndProject
Project("{FAE04EC0-301F-11D3-BF4B-00C04F79EFBC}") = "CourseTracker.PrepareCourse.Test", "CourseTracker.PrepareCourse.Test\CourseTracker.PrepareCourse.Test.csproj", "{28FC153D-0938-46C3-A9C5-5CCFB53C192E}"
EndProject
Global
	GlobalSection(SolutionConfigurationPlatforms) = preSolution
		Debug|Any CPU = Debug|Any CPU
		Release|Any CPU = Release|Any CPU
	EndGlobalSection
	GlobalSection(ProjectConfigurationPlatforms) = postSolution
		{2B6B4189-D2C3-4C39-97AC-EE9D2DEF1AEA}.Debug|Any CPU.ActiveCfg = Debug|Any CPU
		{2B6B4189-D2C3-4C39-97AC-EE9D2DEF1AEA}.Debug|Any CPU.Build.0 = Debug|Any CPU
		{2B6B4189-D2C3-4C39-97AC-EE9D2DEF1AEA}.Release|Any CPU.ActiveCfg = Release|Any CPU
		{2B6B4189-D2C3-4C39-97AC-EE9D2DEF1AEA}.Release|Any CPU.Build.0 = Release|Any CPU
		{FB88CDE5-E07C-4F21-BC5E-11429F4DD43F}.Debug|Any CPU.ActiveCfg = Debug|Any CPU
		{FB88CDE5-E07C-4F21-BC5E-11429F4DD43F}.Debug|Any CPU.Build.0 = Debug|Any CPU
		{FB88CDE5-E07C-4F21-BC5E-11429F4DD43F}.Release|Any CPU.ActiveCfg = Release|Any CPU
		{FB88CDE5-E07C-4F21-BC5E-11429F4DD43F}.Release|Any CPU.Build.0 = Release|Any CPU
		{28FC153D-0938-46C3-A9C5-5CCFB53C192E}.Debug|Any CPU.ActiveCfg = Debug|Any CPU
		{28FC153D-0938-46C3-A9C5-5CCFB53C192E}.Debug|Any CPU.Build.0 = Debug|Any CPU
		{28FC153D-0938-46C3-A9C5-5CCFB53C192E}.Release|Any CPU.ActiveCfg = Release|Any CPU
		{28FC153D-0938-46C3-A9C5-5CCFB53C192E}.Release|Any CPU.Build.0 = Release|Any CPU
	EndGlobalSection
	GlobalSection(SolutionProperties) = preSolution
		HideSolutionNode = FALSE
	EndGlobalSection
	GlobalSection(NestedProjects) = preSolution
		{28FC153D-0938-46C3-A9C5-5CCFB53C192E} = {B8101116-C63D-44BD-B024-7E631B2E63B9}
	EndGlobalSection
	GlobalSection(ExtensibilityGlobals) = postSolution
		SolutionGuid = {22B8035F-B903-4357-85FC-6BE22AEEC1DB}
	EndGlobalSection
EndGlobal
